{
  "name": "concordialang-plugin",
  "version": "0.2.0",
  "lockfileVersion": 1,
  "requires": true,
  "dependencies": {
    "@types/node": {
      "version": "11.11.6",
      "resolved": "https://registry.npmjs.org/@types/node/-/node-11.11.6.tgz",
      "integrity": "sha512-Exw4yUWMBXM3X+8oqzJNRqZSwUAaS4+7NdvHqQuFi/d+synz++xmX3QIf+BFqneW8N31R8Ky+sikfZUXq07ggQ==",
      "dev": true
    },
    "concordialang-types": {
      "version": "0.1.0",
      "resolved": "https://registry.npmjs.org/concordialang-types/-/concordialang-types-0.1.0.tgz",
      "integrity": "sha512-ifM64mChrx+iJdbJfKCu8hrPgG398+BFg4MdOR7lukPC/7DOJdULaP7Ml5CcOCFEvWFIR5zIq9F/K+tTw19knQ=="
    }
  }
}
